<?xml version="1.0" encoding="utf-8"?>
<Project ToolsVersion="4.0" xmlns="http://schemas.microsoft.com/developer/msbuild/2003">
  <ItemGroup>
    <Filter Include="Scripts">
      <UniqueIdentifier>{c4dc0253-a9fa-4951-b728-ffe5d9e77846}</UniqueIdentifier>
    </Filter>
    <Filter Include="Manager">
      <UniqueIdentifier>{30ac4514-fbf2-490e-b5e7-1e0e2ab210ff}</UniqueIdentifier>
    </Filter>
    <Filter Include="Stdafx">
      <UniqueIdentifier>{0b31d502-28cc-4edb-9113-f8772b9d29e7}</UniqueIdentifier>
    </Filter>
    <Filter Include="Scripts\Player">
      <UniqueIdentifier>{53991344-1f0e-4e39-98a5-43d19c3820fb}</UniqueIdentifier>
    </Filter>
    <Filter Include="Scripts\Player\Z">
      <UniqueIdentifier>{984ee7ac-60f3-47f6-be21-e892db6fd8f3}</UniqueIdentifier>
    </Filter>
    <Filter Include="Scripts\Player\X">
      <UniqueIdentifier>{32c0d190-1f48-4da8-99a0-a8df1f917110}</UniqueIdentifier>
    </Filter>
    <Filter Include="Scripts\Enemy">
      <UniqueIdentifier>{75173743-5a4e-46b4-bccb-75afde7ed7e9}</UniqueIdentifier>
    </Filter>
    <Filter Include="Scripts\Enemy\Colonel">
      <UniqueIdentifier>{09998413-8681-4021-ac14-f77bfa1e81c3}</UniqueIdentifier>
    </Filter>
    <Filter Include="Scripts\Manager">
      <UniqueIdentifier>{b8b8d87a-73b0-4698-8eac-a765a64a69d6}</UniqueIdentifier>
    </Filter>
    <Filter Include="Scripts\Geometry">
      <UniqueIdentifier>{e82a5119-20b4-4923-b94c-6fbb0090a818}</UniqueIdentifier>
    </Filter>
    <Filter Include="Scripts\Geometry\Wall">
      <UniqueIdentifier>{26872b85-0d53-43ae-b288-6be90207864b}</UniqueIdentifier>
    </Filter>
    <Filter Include="Scripts\Geometry\Ground">
      <UniqueIdentifier>{87b47d06-9063-4690-ab73-5bb84d282a99}</UniqueIdentifier>
    </Filter>
    <Filter Include="Scripts\Geometry\Ceiling">
      <UniqueIdentifier>{27771bc1-086e-4f38-bee4-81cc07806fc9}</UniqueIdentifier>
    </Filter>
    <Filter Include="Scripts\Camera">
      <UniqueIdentifier>{4b43394c-8131-495f-a807-f46f039c05c4}</UniqueIdentifier>
    </Filter>
    <Filter Include="Enum">
      <UniqueIdentifier>{0d7dd277-7810-43d9-8853-1a044f14ceff}</UniqueIdentifier>
    </Filter>
    <Filter Include="Scripts\Enemy\Behaviour Tree">
      <UniqueIdentifier>{5edce94d-a9d3-4776-9f5f-77b8a07c5f0f}</UniqueIdentifier>
    </Filter>
    <Filter Include="Scripts\UI">
      <UniqueIdentifier>{b5a51d8e-d17d-4f76-94eb-a95479b2a262}</UniqueIdentifier>
    </Filter>
    <Filter Include="Scripts\UI\Hp">
      <UniqueIdentifier>{d1280f58-7613-45ea-a170-804191887216}</UniqueIdentifier>
    </Filter>
    <Filter Include="Scripts\Geometry\Door">
      <UniqueIdentifier>{fa16d3d1-f73d-4d57-b31b-dea1067c42ab}</UniqueIdentifier>
    </Filter>
    <Filter Include="Scripts\UI\Ready">
      <UniqueIdentifier>{fa8e7ba7-6e09-421e-9a2c-65e5e483f8df}</UniqueIdentifier>
    </Filter>
    <Filter Include="Scripts\UI\Warning">
      <UniqueIdentifier>{f30e026a-0482-474d-8e50-474b83da5535}</UniqueIdentifier>
    </Filter>
    <Filter Include="Scripts\Enemy\Colonel\Attack Effect">
      <UniqueIdentifier>{2ef58453-e690-45f8-b15f-67dba28e1527}</UniqueIdentifier>
    </Filter>
    <Filter Include="Scripts\Event">
      <UniqueIdentifier>{0ca88db0-526f-4ab5-b4a2-ddd1cfc5805f}</UniqueIdentifier>
    </Filter>
  </ItemGroup>
  <ItemGroup>
    <ClCompile Include="ScriptManager.cpp">
      <Filter>Manager</Filter>
    </ClCompile>
    <ClCompile Include="stdafx.cpp">
      <Filter>Stdafx</Filter>
    </ClCompile>
    <ClCompile Include="Z_Script.cpp">
      <Filter>Scripts\Player\Z</Filter>
    </ClCompile>
    <ClCompile Include="X_Script.cpp">
      <Filter>Scripts\Player\X</Filter>
    </ClCompile>
    <ClCompile Include="GameManager_Script.cpp">
      <Filter>Scripts\Manager</Filter>
    </ClCompile>
    <ClCompile Include="Ground_Script.cpp">
      <Filter>Scripts\Geometry\Ground</Filter>
    </ClCompile>
    <ClCompile Include="Camera_Script.cpp">
      <Filter>Scripts\Camera</Filter>
    </ClCompile>
    <ClCompile Include="Wall_Script.cpp">
      <Filter>Scripts\Geometry\Wall</Filter>
    </ClCompile>
    <ClCompile Include="Ceiling_Script.cpp">
      <Filter>Scripts\Geometry\Ceiling</Filter>
    </ClCompile>
    <ClCompile Include="GameObjectController.cpp">
      <Filter>Scripts</Filter>
    </ClCompile>
    <ClCompile Include="Colonel_Script.cpp">
      <Filter>Scripts\Enemy\Colonel</Filter>
    </ClCompile>
    <ClCompile Include="Colonel_Behavior_Node.cpp">
      <Filter>Scripts\Enemy\Colonel</Filter>
    </ClCompile>
    <ClCompile Include="Hp_Script.cpp">
      <Filter>Scripts\UI\Hp</Filter>
    </ClCompile>
    <ClCompile Include="Door_Script.cpp">
      <Filter>Scripts\Geometry\Door</Filter>
    </ClCompile>
    <ClCompile Include="Ready_Script.cpp">
      <Filter>Scripts\UI\Ready</Filter>
    </ClCompile>
    <ClCompile Include="UIAnimationController.cpp">
      <Filter>Scripts\UI</Filter>
    </ClCompile>
    <ClCompile Include="Warning_Script.cpp">
      <Filter>Scripts\UI\Warning</Filter>
    </ClCompile>
    <ClCompile Include="Colonel_Attack1_Effect_Script.cpp">
      <Filter>Scripts\Enemy\Colonel\Attack Effect</Filter>
    </ClCompile>
    <ClCompile Include="Colonel_Attack2_Effect_Script.cpp">
      <Filter>Scripts\Enemy\Colonel\Attack Effect</Filter>
    </ClCompile>
    <ClCompile Include="Colonel_Attack3_Effect_Script.cpp">
      <Filter>Scripts\Enemy\Colonel\Attack Effect</Filter>
    </ClCompile>
    <ClCompile Include="ProjectileController.cpp">
      <Filter>Scripts</Filter>
    </ClCompile>
    <ClCompile Include="Event_Script.cpp" />
  </ItemGroup>
  <ItemGroup>
    <ClInclude Include="ScriptManager.h">
      <Filter>Manager</Filter>
    </ClInclude>
    <ClInclude Include="stdafx.h">
      <Filter>Stdafx</Filter>
    </ClInclude>
    <ClInclude Include="Z_Script.h">
      <Filter>Scripts\Player\Z</Filter>
    </ClInclude>
    <ClInclude Include="X_Script.h">
      <Filter>Scripts\Player\X</Filter>
    </ClInclude>
    <ClInclude Include="GameManager_Script.h">
      <Filter>Scripts\Manager</Filter>
    </ClInclude>
    <ClInclude Include="Ground_Script.h">
      <Filter>Scripts\Geometry\Ground</Filter>
    </ClInclude>
    <ClInclude Include="Camera_Script.h">
      <Filter>Scripts\Camera</Filter>
    </ClInclude>
    <ClInclude Include="Wall_Script.h">
      <Filter>Scripts\Geometry\Wall</Filter>
    </ClInclude>
    <ClInclude Include="Ceiling_Script.h">
      <Filter>Scripts\Geometry\Ceiling</Filter>
    </ClInclude>
    <ClInclude Include="GameObjectController.h">
      <Filter>Scripts</Filter>
    </ClInclude>
    <ClInclude Include="PlayerState_Enum.h">
      <Filter>Scripts\Player</Filter>
    </ClInclude>
    <ClInclude Include="Enum.h">
      <Filter>Enum</Filter>
    </ClInclude>
    <ClInclude Include="Colonel_Script.h">
      <Filter>Scripts\Enemy\Colonel</Filter>
    </ClInclude>
    <ClInclude Include="ColonelState_Enum.h">
      <Filter>Scripts\Enemy\Colonel</Filter>
    </ClInclude>
    <ClInclude Include="BehaviourTree.h">
      <Filter>Scripts\Enemy\Behaviour Tree</Filter>
    </ClInclude>
    <ClInclude Include="Colonel_Behavior_Node.h">
      <Filter>Scripts\Enemy\Colonel</Filter>
    </ClInclude>
    <ClInclude Include="Hp_Script.h">
      <Filter>Scripts\UI\Hp</Filter>
    </ClInclude>
    <ClInclude Include="Door_Script.h">
      <Filter>Scripts\Geometry\Door</Filter>
    </ClInclude>
    <ClInclude Include="Ready_Script.h">
      <Filter>Scripts\UI\Ready</Filter>
    </ClInclude>
    <ClInclude Include="UIAnimationController.h">
      <Filter>Scripts\UI</Filter>
    </ClInclude>
    <ClInclude Include="Warning_Script.h">
      <Filter>Scripts\UI\Warning</Filter>
    </ClInclude>
    <ClInclude Include="Colonel_Attack1_Effect_Script.h">
      <Filter>Scripts\Enemy\Colonel\Attack Effect</Filter>
    </ClInclude>
    <ClInclude Include="Colonel_Attack2_Effect_Script.h">
      <Filter>Scripts\Enemy\Colonel\Attack Effect</Filter>
    </ClInclude>
    <ClInclude Include="Colonel_Attack3_Effect_Script.h">
      <Filter>Scripts\Enemy\Colonel\Attack Effect</Filter>
    </ClInclude>
    <ClInclude Include="ProjectileController.h">
      <Filter>Scripts</Filter>
    </ClInclude>
    <ClInclude Include="Event_Script.h" />
  </ItemGroup>
</Project>