<?xml version="1.0" encoding="utf-8"?>
<Project ToolsVersion="4.0" xmlns="http://schemas.microsoft.com/developer/msbuild/2003">
  <ItemGroup>
    <ClInclude Include="Define.h">
      <Filter>Header</Filter>
    </ClInclude>
    <ClInclude Include="Global.h">
      <Filter>Header</Filter>
    </ClInclude>
    <ClInclude Include="Singleton.h">
      <Filter>Module\Singleton</Filter>
    </ClInclude>
    <ClInclude Include="stdafx.h">
      <Filter>Stdafx</Filter>
    </ClInclude>
    <ClInclude Include="Window.h">
      <Filter>Core\Window</Filter>
    </ClInclude>
    <ClInclude Include="Settings.h">
      <Filter>Core\Settings</Filter>
    </ClInclude>
    <ClInclude Include="GraphicsManager.h">
      <Filter>Manager\Graphics</Filter>
    </ClInclude>
    <ClInclude Include="IShader.h">
      <Filter>Core\DX11_Graphics_Pipeline\Shaders</Filter>
    </ClInclude>
    <ClInclude Include="VertexShader.h">
      <Filter>Core\DX11_Graphics_Pipeline\Shaders\Graphics\1. Vertex Shader</Filter>
    </ClInclude>
    <ClInclude Include="FileStream.h">
      <Filter>Manager\File</Filter>
    </ClInclude>
    <ClInclude Include="FileManager.h">
      <Filter>Manager\File</Filter>
    </ClInclude>
    <ClInclude Include="Math\Color4.h">
      <Filter>Math</Filter>
    </ClInclude>
    <ClInclude Include="Math\Math.h">
      <Filter>Math</Filter>
    </ClInclude>
    <ClInclude Include="Math\Matrix.h">
      <Filter>Math</Filter>
    </ClInclude>
    <ClInclude Include="Math\Vector2.h">
      <Filter>Math</Filter>
    </ClInclude>
    <ClInclude Include="Math\Vector3.h">
      <Filter>Math</Filter>
    </ClInclude>
    <ClInclude Include="Math\Vector4.h">
      <Filter>Math</Filter>
    </ClInclude>
    <ClInclude Include="Math\Quaternion.h">
      <Filter>Math</Filter>
    </ClInclude>
    <ClInclude Include="PixelShader.h">
      <Filter>Core\DX11_Graphics_Pipeline\Shaders\Graphics\5. Pixel Shader</Filter>
    </ClInclude>
    <ClInclude Include="VertexStruct.h">
      <Filter>Core\DX11_Graphics_Pipeline\D3D11BufferStruct</Filter>
    </ClInclude>
    <ClInclude Include="IResource.h">
      <Filter>Resource</Filter>
    </ClInclude>
    <ClInclude Include="TimeManager.h">
      <Filter>Manager\Time</Filter>
    </ClInclude>
    <ClInclude Include="InputManager.h">
      <Filter>Manager\Input</Filter>
    </ClInclude>
    <ClInclude Include="IndexBuffer.h">
      <Filter>Core\DX11_Graphics_Pipeline\IA%28Input Assembler%29\IndexBuffer</Filter>
    </ClInclude>
    <ClInclude Include="InputLayout.h">
      <Filter>Core\DX11_Graphics_Pipeline\IA%28Input Assembler%29\InputLayout</Filter>
    </ClInclude>
    <ClInclude Include="VertexBuffer.h">
      <Filter>Core\DX11_Graphics_Pipeline\IA%28Input Assembler%29\VertexBuffer</Filter>
    </ClInclude>
    <ClInclude Include="ConstantBuffer.h">
      <Filter>Core\DX11_Graphics_Pipeline\ConstantBuffer</Filter>
    </ClInclude>
    <ClInclude Include="ConstantStruct.h">
      <Filter>Core\DX11_Graphics_Pipeline\D3D11BufferStruct</Filter>
    </ClInclude>
    <ClInclude Include="Shader.h">
      <Filter>Resource\Shader</Filter>
    </ClInclude>
    <ClInclude Include="IComponent.h">
      <Filter>Scene\Components</Filter>
    </ClInclude>
    <ClInclude Include="Texture.h">
      <Filter>Resource\Texture</Filter>
    </ClInclude>
    <ClInclude Include="Transform.h">
      <Filter>Scene\Components\1. Transform</Filter>
    </ClInclude>
    <ClInclude Include="GameObject.h">
      <Filter>Scene\GameObject</Filter>
    </ClInclude>
    <ClInclude Include="Enum.h">
      <Filter>Header</Filter>
    </ClInclude>
    <ClInclude Include="ResourceManager.h">
      <Filter>Manager\Resource</Filter>
    </ClInclude>
    <ClInclude Include="SamplerState.h">
      <Filter>Core\DX11_Graphics_Pipeline\Shaders</Filter>
    </ClInclude>
    <ClInclude Include="Animation.h">
      <Filter>Resource\Animation</Filter>
    </ClInclude>
    <ClInclude Include="Camera.h">
      <Filter>Scene\Components\2. Camera</Filter>
    </ClInclude>
    <ClInclude Include="SceneManager.h">
      <Filter>Manager\Scene</Filter>
    </ClInclude>
    <ClInclude Include="Scene.h">
      <Filter>Scene</Filter>
    </ClInclude>
    <ClInclude Include="Stage.h">
      <Filter>Scene\GameStage</Filter>
    </ClInclude>
    <ClInclude Include="Layer.h">
      <Filter>Scene\Layer</Filter>
    </ClInclude>
    <ClInclude Include="Animator.h">
      <Filter>Scene\Components\4. Animator</Filter>
    </ClInclude>
    <ClInclude Include="Script.h">
      <Filter>Scene\Components\5. Script</Filter>
    </ClInclude>
    <ClInclude Include="RockManZ_Script.h">
      <Filter>Scene\Components\5. Script\4. Player\RockManZ</Filter>
    </ClInclude>
    <ClInclude Include="Material.h">
      <Filter>Resource\Material</Filter>
    </ClInclude>
    <ClInclude Include="Renderer.h">
      <Filter>Scene\Components\3. Renderer</Filter>
    </ClInclude>
    <ClInclude Include="Mesh.h">
      <Filter>Resource\Mesh</Filter>
    </ClInclude>
    <ClInclude Include="DepthStencilState.h">
      <Filter>Core\DX11_Graphics_Pipeline\OM%28Output Merger%29</Filter>
    </ClInclude>
    <ClInclude Include="BlendState.h">
      <Filter>Core\DX11_Graphics_Pipeline\OM%28Output Merger%29</Filter>
    </ClInclude>
    <ClInclude Include="EventManager.h">
      <Filter>Manager\Event</Filter>
    </ClInclude>
    <ClInclude Include="RasterizerState.h">
      <Filter>Core\DX11_Graphics_Pipeline\RS%28Rasterizer%29</Filter>
    </ClInclude>
    <ClInclude Include="Collider2D.h">
      <Filter>Scene\Components\6. Collider2D</Filter>
    </ClInclude>
    <ClInclude Include="CollisionManager.h">
      <Filter>Manager\Collision</Filter>
    </ClInclude>
    <ClInclude Include="Prefab.h">
      <Filter>Resource\Prefab</Filter>
    </ClInclude>
    <ClInclude Include="WalkCannon_Script.h">
      <Filter>Scene\Components\5. Script\5. Enemy\WalkCannon</Filter>
    </ClInclude>
    <ClInclude Include="WalkCannon_Bullet_Script.h">
      <Filter>Scene\Components\5. Script\5. Enemy\WalkCannon</Filter>
    </ClInclude>
    <ClInclude Include="GameLogic_Script.h">
      <Filter>Scene\Components\5. Script\1. GameLogic</Filter>
    </ClInclude>
    <ClInclude Include="Geometry_script.h">
      <Filter>Scene\Components\5. Script\2. Geometry</Filter>
    </ClInclude>
    <ClInclude Include="DX11Object.h">
      <Filter>DX11ObjectID</Filter>
    </ClInclude>
    <ClInclude Include="Light2D.h">
      <Filter>Scene\Components\7. Light2D</Filter>
    </ClInclude>
    <ClInclude Include="RenderManager.h">
      <Filter>Manager\Render</Filter>
    </ClInclude>
    <ClInclude Include="Core.h">
      <Filter>Core</Filter>
    </ClInclude>
    <ClInclude Include="Math\SimpleMath.h">
      <Filter>Math\SimpleMath</Filter>
    </ClInclude>
    <ClInclude Include="ComputeShader.h">
      <Filter>Core\DX11_Graphics_Pipeline\Shaders\Compute\Compute Shader</Filter>
    </ClInclude>
    <ClInclude Include="Factory_Script.h">
      <Filter>Scene\Components\5. Script\3. Factory</Filter>
    </ClInclude>
    <ClInclude Include="StructuredBuffer.h">
      <Filter>Core\DX11_Graphics_Pipeline\StructuredBuffer</Filter>
    </ClInclude>
    <ClInclude Include="StructuredStruct.h">
      <Filter>Core\DX11_Graphics_Pipeline\D3D11BufferStruct</Filter>
    </ClInclude>
    <ClInclude Include="ParticleSystem.h">
      <Filter>Scene\Components\8. ParticleSystem</Filter>
    </ClInclude>
    <ClInclude Include="ParticleUpdateShader.h">
      <Filter>Scene\Components\8. ParticleSystem\ParticleUpdateShader</Filter>
    </ClInclude>
    <ClInclude Include="GeometryShader.h">
      <Filter>Core\DX11_Graphics_Pipeline\Shaders\Graphics\4. Geometry Shader</Filter>
    </ClInclude>
  </ItemGroup>
  <ItemGroup>
    <ClCompile Include="stdafx.cpp">
      <Filter>Stdafx</Filter>
    </ClCompile>
    <ClCompile Include="GraphicsManager.cpp">
      <Filter>Manager\Graphics</Filter>
    </ClCompile>
    <ClCompile Include="IShader.cpp">
      <Filter>Core\DX11_Graphics_Pipeline\Shaders</Filter>
    </ClCompile>
    <ClCompile Include="VertexShader.cpp">
      <Filter>Core\DX11_Graphics_Pipeline\Shaders\Graphics\1. Vertex Shader</Filter>
    </ClCompile>
    <ClCompile Include="FileStream.cpp">
      <Filter>Manager\File</Filter>
    </ClCompile>
    <ClCompile Include="FileManager.cpp">
      <Filter>Manager\File</Filter>
    </ClCompile>
    <ClCompile Include="Math\Color4.cpp">
      <Filter>Math</Filter>
    </ClCompile>
    <ClCompile Include="Math\Math.cpp">
      <Filter>Math</Filter>
    </ClCompile>
    <ClCompile Include="Math\Matrix.cpp">
      <Filter>Math</Filter>
    </ClCompile>
    <ClCompile Include="Math\Vector2.cpp">
      <Filter>Math</Filter>
    </ClCompile>
    <ClCompile Include="Math\Vector3.cpp">
      <Filter>Math</Filter>
    </ClCompile>
    <ClCompile Include="Math\Vector4.cpp">
      <Filter>Math</Filter>
    </ClCompile>
    <ClCompile Include="Math\Quaternion.cpp">
      <Filter>Math</Filter>
    </ClCompile>
    <ClCompile Include="PixelShader.cpp">
      <Filter>Core\DX11_Graphics_Pipeline\Shaders\Graphics\5. Pixel Shader</Filter>
    </ClCompile>
    <ClCompile Include="VertexStruct.cpp">
      <Filter>Core\DX11_Graphics_Pipeline\D3D11BufferStruct</Filter>
    </ClCompile>
    <ClCompile Include="TimeManager.cpp">
      <Filter>Manager\Time</Filter>
    </ClCompile>
    <ClCompile Include="InputManager.cpp">
      <Filter>Manager\Input</Filter>
    </ClCompile>
    <ClCompile Include="IndexBuffer.cpp">
      <Filter>Core\DX11_Graphics_Pipeline\IA%28Input Assembler%29\IndexBuffer</Filter>
    </ClCompile>
    <ClCompile Include="InputLayout.cpp">
      <Filter>Core\DX11_Graphics_Pipeline\IA%28Input Assembler%29\InputLayout</Filter>
    </ClCompile>
    <ClCompile Include="ConstantBuffer.cpp">
      <Filter>Core\DX11_Graphics_Pipeline\ConstantBuffer</Filter>
    </ClCompile>
    <ClCompile Include="Shader.cpp">
      <Filter>Resource\Shader</Filter>
    </ClCompile>
    <ClCompile Include="Texture.cpp">
      <Filter>Resource\Texture</Filter>
    </ClCompile>
    <ClCompile Include="Transform.cpp">
      <Filter>Scene\Components\1. Transform</Filter>
    </ClCompile>
    <ClCompile Include="ResourceManager.cpp">
      <Filter>Manager\Resource</Filter>
    </ClCompile>
    <ClCompile Include="SamplerState.cpp">
      <Filter>Core\DX11_Graphics_Pipeline\Shaders</Filter>
    </ClCompile>
    <ClCompile Include="Animation.cpp">
      <Filter>Resource\Animation</Filter>
    </ClCompile>
    <ClCompile Include="Camera.cpp">
      <Filter>Scene\Components\2. Camera</Filter>
    </ClCompile>
    <ClCompile Include="SceneManager.cpp">
      <Filter>Manager\Scene</Filter>
    </ClCompile>
    <ClCompile Include="Scene.cpp">
      <Filter>Scene</Filter>
    </ClCompile>
    <ClCompile Include="Stage.cpp">
      <Filter>Scene\GameStage</Filter>
    </ClCompile>
    <ClCompile Include="Layer.cpp">
      <Filter>Scene\Layer</Filter>
    </ClCompile>
    <ClCompile Include="GameObject.cpp">
      <Filter>Scene\GameObject</Filter>
    </ClCompile>
    <ClCompile Include="Animator.cpp">
      <Filter>Scene\Components\4. Animator</Filter>
    </ClCompile>
    <ClCompile Include="Script.cpp">
      <Filter>Scene\Components\5. Script</Filter>
    </ClCompile>
    <ClCompile Include="RockManZ_Script.cpp">
      <Filter>Scene\Components\5. Script\4. Player\RockManZ</Filter>
    </ClCompile>
    <ClCompile Include="Material.cpp">
      <Filter>Resource\Material</Filter>
    </ClCompile>
    <ClCompile Include="Renderer.cpp">
      <Filter>Scene\Components\3. Renderer</Filter>
    </ClCompile>
    <ClCompile Include="ConstantStruct.cpp">
      <Filter>Core\DX11_Graphics_Pipeline\D3D11BufferStruct</Filter>
    </ClCompile>
    <ClCompile Include="Mesh.cpp">
      <Filter>Resource\Mesh</Filter>
    </ClCompile>
    <ClCompile Include="DepthStencilState.cpp">
      <Filter>Core\DX11_Graphics_Pipeline\OM%28Output Merger%29</Filter>
    </ClCompile>
    <ClCompile Include="BlendState.cpp">
      <Filter>Core\DX11_Graphics_Pipeline\OM%28Output Merger%29</Filter>
    </ClCompile>
    <ClCompile Include="EventManager.cpp">
      <Filter>Manager\Event</Filter>
    </ClCompile>
    <ClCompile Include="RasterizerState.cpp">
      <Filter>Core\DX11_Graphics_Pipeline\RS%28Rasterizer%29</Filter>
    </ClCompile>
    <ClCompile Include="Collider2D.cpp">
      <Filter>Scene\Components\6. Collider2D</Filter>
    </ClCompile>
    <ClCompile Include="CollisionManager.cpp">
      <Filter>Manager\Collision</Filter>
    </ClCompile>
    <ClCompile Include="Prefab.cpp">
      <Filter>Resource\Prefab</Filter>
    </ClCompile>
    <ClCompile Include="WalkCannon_Script.cpp">
      <Filter>Scene\Components\5. Script\5. Enemy\WalkCannon</Filter>
    </ClCompile>
    <ClCompile Include="WalkCannon_Bullet_Script.cpp">
      <Filter>Scene\Components\5. Script\5. Enemy\WalkCannon</Filter>
    </ClCompile>
    <ClCompile Include="GameLogic_Script.cpp">
      <Filter>Scene\Components\5. Script\1. GameLogic</Filter>
    </ClCompile>
    <ClCompile Include="Geometry_script.cpp">
      <Filter>Scene\Components\5. Script\2. Geometry</Filter>
    </ClCompile>
    <ClCompile Include="Light2D.cpp">
      <Filter>Scene\Components\7. Light2D</Filter>
    </ClCompile>
    <ClCompile Include="RenderManager.cpp">
      <Filter>Manager\Render</Filter>
    </ClCompile>
    <ClCompile Include="Core.cpp">
      <Filter>Core</Filter>
    </ClCompile>
    <ClCompile Include="ComputeShader.cpp">
      <Filter>Core\DX11_Graphics_Pipeline\Shaders\Compute\Compute Shader</Filter>
    </ClCompile>
    <ClCompile Include="Factory_Script.cpp">
      <Filter>Scene\Components\5. Script\3. Factory</Filter>
    </ClCompile>
    <ClCompile Include="StructuredBuffer.cpp">
      <Filter>Core\DX11_Graphics_Pipeline\StructuredBuffer</Filter>
    </ClCompile>
    <ClCompile Include="StructuredStruct.cpp">
      <Filter>Core\DX11_Graphics_Pipeline\D3D11BufferStruct</Filter>
    </ClCompile>
    <ClCompile Include="ParticleSystem.cpp">
      <Filter>Scene\Components\8. ParticleSystem</Filter>
    </ClCompile>
    <ClCompile Include="ParticleUpdateShader.cpp">
      <Filter>Scene\Components\8. ParticleSystem\ParticleUpdateShader</Filter>
    </ClCompile>
    <ClCompile Include="GeometryShader.cpp">
      <Filter>Core\DX11_Graphics_Pipeline\Shaders\Graphics\4. Geometry Shader</Filter>
    </ClCompile>
  </ItemGroup>
  <ItemGroup>
    <Filter Include="Core">
      <UniqueIdentifier>{daf88d62-0d14-4c63-80c5-75ec5e14de58}</UniqueIdentifier>
    </Filter>
    <Filter Include="Module">
      <UniqueIdentifier>{d8c791b5-f317-47a6-84cf-634954ed3994}</UniqueIdentifier>
    </Filter>
    <Filter Include="Module\Singleton">
      <UniqueIdentifier>{e80191aa-8f03-4b23-9d9f-3da0471e16f0}</UniqueIdentifier>
    </Filter>
    <Filter Include="Header">
      <UniqueIdentifier>{395faf60-34d5-48bf-bdae-92103f2724b2}</UniqueIdentifier>
    </Filter>
    <Filter Include="Manager">
      <UniqueIdentifier>{8be928f4-543d-467a-89b5-5f08bb656ddd}</UniqueIdentifier>
    </Filter>
    <Filter Include="Manager\Time">
      <UniqueIdentifier>{334d27df-c074-4943-be98-7349fb071ad5}</UniqueIdentifier>
    </Filter>
    <Filter Include="Math">
      <UniqueIdentifier>{2bc8eed1-6027-4537-bd2f-4ea5b0a439b4}</UniqueIdentifier>
    </Filter>
    <Filter Include="Manager\Scene">
      <UniqueIdentifier>{e8d13bcd-0557-4104-a100-7c0c5f0ae10b}</UniqueIdentifier>
    </Filter>
    <Filter Include="ShaderFiles">
      <UniqueIdentifier>{992c4178-3e7f-4c87-a089-f1f7c667e8c2}</UniqueIdentifier>
    </Filter>
    <Filter Include="Manager\File">
      <UniqueIdentifier>{0aa2ce14-51d4-4b1f-a1d7-11d34057036e}</UniqueIdentifier>
    </Filter>
    <Filter Include="Resource">
      <UniqueIdentifier>{a2cddb79-19ba-4bd3-a474-2622b5767288}</UniqueIdentifier>
    </Filter>
    <Filter Include="Resource\Mesh">
      <UniqueIdentifier>{788f9814-fb0b-45c0-934c-8592bf96d437}</UniqueIdentifier>
    </Filter>
    <Filter Include="Resource\Sound">
      <UniqueIdentifier>{bcad10b5-98c9-4000-9abc-699ae6edd49c}</UniqueIdentifier>
    </Filter>
    <Filter Include="Resource\Texture">
      <UniqueIdentifier>{2bb8315c-6024-4be2-8209-ae8cedb26f21}</UniqueIdentifier>
    </Filter>
    <Filter Include="Manager\Resource">
      <UniqueIdentifier>{69c4546d-9f19-4215-8aa6-fb86c50dba02}</UniqueIdentifier>
    </Filter>
    <Filter Include="Manager\Stage">
      <UniqueIdentifier>{197cb680-24e5-41e1-809b-aa302eb79124}</UniqueIdentifier>
    </Filter>
    <Filter Include="Manager\Input">
      <UniqueIdentifier>{285bbfeb-52a8-4e7f-9bee-3fbb323d69cc}</UniqueIdentifier>
    </Filter>
    <Filter Include="Stdafx">
      <UniqueIdentifier>{3e75ad1e-ef90-484f-ac0b-3eb2841bdf04}</UniqueIdentifier>
    </Filter>
    <Filter Include="Manager\Sound">
      <UniqueIdentifier>{2fd7a40e-213e-401d-ac5d-47a45b499399}</UniqueIdentifier>
    </Filter>
    <Filter Include="Manager\Graphics">
      <UniqueIdentifier>{973806fe-38f6-450f-8b67-48ef90939b9c}</UniqueIdentifier>
    </Filter>
    <Filter Include="Resource\Shader">
      <UniqueIdentifier>{fd56c473-1490-4fd0-90c3-5a64e55c4952}</UniqueIdentifier>
    </Filter>
    <Filter Include="DX11ObjectID">
      <UniqueIdentifier>{d8061835-c11d-4b53-8038-6de0687fc734}</UniqueIdentifier>
    </Filter>
    <Filter Include="Resource\Material">
      <UniqueIdentifier>{164e4f82-07b4-4037-a4c1-ced9cff22988}</UniqueIdentifier>
    </Filter>
    <Filter Include="Core\DX11_Graphics_Pipeline">
      <UniqueIdentifier>{76594865-25b3-4a19-b6e2-73303cff7e14}</UniqueIdentifier>
    </Filter>
    <Filter Include="Core\DX11_Graphics_Pipeline\IA%28Input Assembler%29">
      <UniqueIdentifier>{1fc8edc0-65ba-47a2-8dbe-c1896f9395d1}</UniqueIdentifier>
    </Filter>
    <Filter Include="Core\DX11_Graphics_Pipeline\IA%28Input Assembler%29\IndexBuffer">
      <UniqueIdentifier>{f07021e9-740c-4f40-9813-ac8f3df8212d}</UniqueIdentifier>
    </Filter>
    <Filter Include="Core\DX11_Graphics_Pipeline\IA%28Input Assembler%29\InputLayout">
      <UniqueIdentifier>{dfb67a5f-2ac6-4ff8-9304-74fdf001970e}</UniqueIdentifier>
    </Filter>
    <Filter Include="Core\DX11_Graphics_Pipeline\IA%28Input Assembler%29\VertexBuffer">
      <UniqueIdentifier>{fa61f8dd-df8a-4432-ad48-0030c9ee62e5}</UniqueIdentifier>
    </Filter>
    <Filter Include="Core\DX11_Graphics_Pipeline\OM%28Output Merger%29">
      <UniqueIdentifier>{48feea5b-daf6-43c1-ae45-e3d06dced7ba}</UniqueIdentifier>
    </Filter>
    <Filter Include="Core\DX11_Graphics_Pipeline\RS%28Rasterizer%29">
      <UniqueIdentifier>{5cec68bc-0889-4cb9-81c6-7d41d430a3db}</UniqueIdentifier>
    </Filter>
    <Filter Include="Core\DX11_Graphics_Pipeline\Shaders">
      <UniqueIdentifier>{06e3b01d-6604-47cb-bbc9-13592898939b}</UniqueIdentifier>
    </Filter>
    <Filter Include="Core\DX11_Graphics_Pipeline\ConstantBuffer">
      <UniqueIdentifier>{dace081f-04e0-48d0-b937-981aea3f8650}</UniqueIdentifier>
    </Filter>
    <Filter Include="Core\DX11_Graphics_Pipeline\D3D11BufferStruct">
      <UniqueIdentifier>{fc650ec0-27f3-4df1-ace3-14e3668f66de}</UniqueIdentifier>
    </Filter>
    <Filter Include="Manager\Event">
      <UniqueIdentifier>{012aebee-9273-4255-baa7-194d2932c15c}</UniqueIdentifier>
    </Filter>
    <Filter Include="Manager\Collision">
      <UniqueIdentifier>{ecca7948-40ea-4672-8b19-de69f671bc21}</UniqueIdentifier>
    </Filter>
    <Filter Include="Scene">
      <UniqueIdentifier>{d10c0201-1730-47be-968b-a3b7669e99d0}</UniqueIdentifier>
    </Filter>
    <Filter Include="Scene\GameObject">
      <UniqueIdentifier>{3fe073d6-332c-4f49-8fa6-bc2441c0b588}</UniqueIdentifier>
    </Filter>
    <Filter Include="Scene\Components">
      <UniqueIdentifier>{6421e76f-148d-406a-ae49-9e542ef7b9e0}</UniqueIdentifier>
    </Filter>
    <Filter Include="Scene\GameStage">
      <UniqueIdentifier>{c6f3a3f5-7761-4aeb-9189-b3844b0801b8}</UniqueIdentifier>
    </Filter>
    <Filter Include="Scene\Layer">
      <UniqueIdentifier>{562d4610-3b24-4194-8640-6c05e295a2d9}</UniqueIdentifier>
    </Filter>
    <Filter Include="Resource\Prefab">
      <UniqueIdentifier>{a14a227f-488a-4c0a-9743-b57f2207ab74}</UniqueIdentifier>
    </Filter>
    <Filter Include="Manager\Render">
      <UniqueIdentifier>{c67424bc-2d93-44cb-8149-dbadb43bdcb6}</UniqueIdentifier>
    </Filter>
    <Filter Include="Math\SimpleMath">
      <UniqueIdentifier>{4109ffeb-74d4-4b92-b9cd-42fed8c4592e}</UniqueIdentifier>
    </Filter>
    <Filter Include="Core\Window">
      <UniqueIdentifier>{dd17f2a6-ccd0-47bc-b287-5de2d2381fc0}</UniqueIdentifier>
    </Filter>
    <Filter Include="Core\Settings">
      <UniqueIdentifier>{26862a5f-43ba-4430-a84c-160341066642}</UniqueIdentifier>
    </Filter>
    <Filter Include="Resource\Animation">
      <UniqueIdentifier>{faa04c74-5769-41a7-a2e0-5bcbd46d9d56}</UniqueIdentifier>
    </Filter>
    <Filter Include="ShaderFiles\ConstantBuffer">
      <UniqueIdentifier>{f1f0f4df-29e4-4036-b5b8-bae155d7a046}</UniqueIdentifier>
    </Filter>
    <Filter Include="ShaderFiles\Shader">
      <UniqueIdentifier>{df104664-263c-4969-bb22-3feadb8a215d}</UniqueIdentifier>
    </Filter>
    <Filter Include="ShaderFiles\Struct">
      <UniqueIdentifier>{03513415-be9f-4860-903e-f276293c4ba2}</UniqueIdentifier>
    </Filter>
    <Filter Include="ShaderFiles\Func">
      <UniqueIdentifier>{b85421d1-5534-4e73-b5bb-ba666d8b2d67}</UniqueIdentifier>
    </Filter>
    <Filter Include="Scene\Components\1. Transform">
      <UniqueIdentifier>{32df9ce1-9516-42d1-be20-592ddad9c92e}</UniqueIdentifier>
    </Filter>
    <Filter Include="Scene\Components\2. Camera">
      <UniqueIdentifier>{5010c158-ab20-4dff-a899-f82268185cb5}</UniqueIdentifier>
    </Filter>
    <Filter Include="Scene\Components\3. Renderer">
      <UniqueIdentifier>{964d467a-c2ac-4b30-bade-9303fcfa8d86}</UniqueIdentifier>
    </Filter>
    <Filter Include="Scene\Components\4. Animator">
      <UniqueIdentifier>{7defdf6b-a0f1-4cf9-a2f8-a9511e904d01}</UniqueIdentifier>
    </Filter>
    <Filter Include="Scene\Components\5. Script">
      <UniqueIdentifier>{45b73adf-3a03-4022-97d9-4cd397f02347}</UniqueIdentifier>
    </Filter>
    <Filter Include="Scene\Components\6. Collider2D">
      <UniqueIdentifier>{14e46d7e-1d3f-411e-9839-aa5f81ebc0e5}</UniqueIdentifier>
    </Filter>
    <Filter Include="Scene\Components\7. Light2D">
      <UniqueIdentifier>{770b0f97-b957-4c96-99c2-3917a381147d}</UniqueIdentifier>
    </Filter>
    <Filter Include="Scene\Components\8. ParticleSystem">
      <UniqueIdentifier>{40af64c4-72d9-41b2-910c-26d40443fc6a}</UniqueIdentifier>
    </Filter>
    <Filter Include="Scene\Components\9. RigidBody2D">
      <UniqueIdentifier>{d2d07f09-99cb-4b37-87e9-883f49dd265f}</UniqueIdentifier>
    </Filter>
    <Filter Include="Scene\Components\5. Script\1. GameLogic">
      <UniqueIdentifier>{15436bf0-a034-4139-aade-4762881e2255}</UniqueIdentifier>
    </Filter>
    <Filter Include="Scene\Components\5. Script\2. Geometry">
      <UniqueIdentifier>{b00526e5-1da4-43f6-a7a8-942fbdb4f8a0}</UniqueIdentifier>
    </Filter>
    <Filter Include="Scene\Components\5. Script\3. Factory">
      <UniqueIdentifier>{baf73406-6b79-4671-97c5-abe00626cb6f}</UniqueIdentifier>
    </Filter>
    <Filter Include="Scene\Components\5. Script\4. Player">
      <UniqueIdentifier>{0ef02b3c-a1f1-420f-becd-2fdf0f3c1d0c}</UniqueIdentifier>
    </Filter>
    <Filter Include="Scene\Components\5. Script\4. Player\RockManZ">
      <UniqueIdentifier>{1059a6e4-27b6-422c-b93e-095e805be973}</UniqueIdentifier>
    </Filter>
    <Filter Include="Scene\Components\5. Script\5. Enemy">
      <UniqueIdentifier>{27876332-0b17-4f54-badf-9e964659e75c}</UniqueIdentifier>
    </Filter>
    <Filter Include="Scene\Components\5. Script\5. Enemy\WalkCannon">
      <UniqueIdentifier>{5149de55-85c1-4516-a402-693ecbcd560e}</UniqueIdentifier>
    </Filter>
    <Filter Include="Core\DX11_Graphics_Pipeline\StructuredBuffer">
      <UniqueIdentifier>{f87f1054-5c4d-400a-a634-c90e18d639f9}</UniqueIdentifier>
    </Filter>
    <Filter Include="ShaderFiles\Shader\Compute">
      <UniqueIdentifier>{4d303201-7b81-4aaa-9cf2-fbe82126c340}</UniqueIdentifier>
    </Filter>
    <Filter Include="Scene\Components\8. ParticleSystem\ParticleUpdateShader">
      <UniqueIdentifier>{57283146-6d7c-4513-9fde-3df2dd509368}</UniqueIdentifier>
    </Filter>
    <Filter Include="Core\DX11_Graphics_Pipeline\Shaders\Graphics">
      <UniqueIdentifier>{5b137a67-6267-4e25-a16b-8d0bc48bf945}</UniqueIdentifier>
    </Filter>
    <Filter Include="Core\DX11_Graphics_Pipeline\Shaders\Compute">
      <UniqueIdentifier>{6ede576f-de4c-4160-89ea-e2a61fe6df60}</UniqueIdentifier>
    </Filter>
    <Filter Include="Core\DX11_Graphics_Pipeline\Shaders\Graphics\1. Vertex Shader">
      <UniqueIdentifier>{3776ec5c-d549-4832-a4a2-963566202d88}</UniqueIdentifier>
    </Filter>
    <Filter Include="Core\DX11_Graphics_Pipeline\Shaders\Graphics\2. Hull Shader">
      <UniqueIdentifier>{d3f98068-ca7f-4193-9d6f-b22c91222325}</UniqueIdentifier>
    </Filter>
    <Filter Include="Core\DX11_Graphics_Pipeline\Shaders\Graphics\3. Domain Shader">
      <UniqueIdentifier>{98c06dad-662a-400a-b0b8-9515cdb354ab}</UniqueIdentifier>
    </Filter>
    <Filter Include="Core\DX11_Graphics_Pipeline\Shaders\Graphics\4. Geometry Shader">
      <UniqueIdentifier>{e918a36f-63c6-4b10-904c-50d0a2e94e67}</UniqueIdentifier>
    </Filter>
    <Filter Include="Core\DX11_Graphics_Pipeline\Shaders\Graphics\5. Pixel Shader">
      <UniqueIdentifier>{ea5dfcf6-6845-42bd-8c87-ed17208850fa}</UniqueIdentifier>
    </Filter>
    <Filter Include="Core\DX11_Graphics_Pipeline\Shaders\Compute\Compute Shader">
      <UniqueIdentifier>{601a225d-b77c-4cb1-ba7e-ddf0efa8bc7e}</UniqueIdentifier>
    </Filter>
  </ItemGroup>
  <ItemGroup>
    <FxCompile Include="ShaderFiles\ConstantBuffer.fx">
      <Filter>ShaderFiles\ConstantBuffer</Filter>
    </FxCompile>
    <FxCompile Include="ShaderFiles\DrawLineShader.fx">
      <Filter>ShaderFiles\Shader</Filter>
    </FxCompile>
    <FxCompile Include="ShaderFiles\LightTextureShader.fx">
      <Filter>ShaderFiles\Shader</Filter>
    </FxCompile>
    <FxCompile Include="ShaderFiles\TextureShader.fx">
      <Filter>ShaderFiles\Shader</Filter>
    </FxCompile>
    <FxCompile Include="ShaderFiles\LightStruct.fx">
      <Filter>ShaderFiles\Struct</Filter>
    </FxCompile>
    <FxCompile Include="ShaderFiles\VertexStruct.fx">
      <Filter>ShaderFiles\Struct</Filter>
    </FxCompile>
    <FxCompile Include="ShaderFiles\ShaderFunc.fx">
      <Filter>ShaderFiles\Func</Filter>
    </FxCompile>
    <FxCompile Include="ShaderFiles\ParticleShader.fx">
      <Filter>ShaderFiles\Shader</Filter>
    </FxCompile>
    <FxCompile Include="ShaderFiles\ParticleStruct.fx">
      <Filter>ShaderFiles\Struct</Filter>
    </FxCompile>
    <FxCompile Include="ShaderFiles\ParticleUpdate.fx">
      <Filter>ShaderFiles\Shader\Compute</Filter>
    </FxCompile>
  </ItemGroup>
  <ItemGroup>
    <None Include="Math\SimpleMath.inl">
      <Filter>Math\SimpleMath</Filter>
    </None>
  </ItemGroup>
</Project>