<?xml version="1.0" encoding="utf-8"?>
<Project ToolsVersion="4.0" xmlns="http://schemas.microsoft.com/developer/msbuild/2003">
  <ItemGroup>
    <Filter Include="Default">
      <UniqueIdentifier>{67DA6AB6-F800-4c08-8B7A-83BB121AAD01}</UniqueIdentifier>
      <Extensions>rc;ico;cur;bmp;dlg;rc2;rct;bin;rgs;gif;jpg;jpeg;jpe;resx;tiff;tif;png;wav;mfcribbon-ms</Extensions>
    </Filter>
  </ItemGroup>
  <ItemGroup>
    <ClInclude Include="stdafx.h" />
    <ClInclude Include="WindowSettings\targetver.h">
      <Filter>Default</Filter>
    </ClInclude>
    <ClInclude Include="WindowSettings\resource.h">
      <Filter>Default</Filter>
    </ClInclude>
    <ClInclude Include="Imgui\imconfig.h" />
    <ClInclude Include="Imgui\imgui.h" />
    <ClInclude Include="Imgui\imgui_internal.h" />
    <ClInclude Include="Imgui\imstb_rectpack.h" />
    <ClInclude Include="Imgui\imstb_textedit.h" />
    <ClInclude Include="Imgui\imstb_truetype.h" />
    <ClInclude Include="Imgui\Win32\imgui_impl_win32.h" />
    <ClInclude Include="Imgui\DirectX11\imgui_impl_dx11.h" />
    <ClInclude Include="Editor\GUI\IGUI.h" />
    <ClInclude Include="Editor\Manager\EditorManager.h" />
    <ClInclude Include="Engine_Enum.h" />
    <ClInclude Include="Editor\GUI\1. MenuBar\GUI_MenuBar.h" />
    <ClInclude Include="Editor\GUI\2. ToolBar\GUI_ToolBar.h" />
    <ClInclude Include="Editor\GUI\6. Inspector\GUI_Inspector.h" />
    <ClInclude Include="Editor\Helper\IconProvider.h" />
    <ClInclude Include="Window\Window.h" />
    <ClInclude Include="Editor\GUI\6. Inspector\Component\GUI_Component.h" />
    <ClInclude Include="Editor\GUI\6. Inspector\Component\1. Transform\GUI_Transform.h" />
    <ClInclude Include="Editor\GUI\6. Inspector\Component\2. Camera\GUI_Camera.h" />
    <ClInclude Include="Editor\GUI\6. Inspector\Component\3. SpriteRenderer\GUI_SpriteRenderer.h" />
    <ClInclude Include="Editor\GUI\6. Inspector\Component\5. Script\GUI_Script.h" />
    <ClInclude Include="Editor\GUI\6. Inspector\Component\4. Animator\GUI_Animator.h" />
    <ClInclude Include="Editor\GUI\6. Inspector\Component\6. Collider2D\GUI_Collider2D.h" />
    <ClInclude Include="Editor\GUI\6. Inspector\Component\7. Light2D\GUI_Light2D.h" />
    <ClInclude Include="Editor\GUI\6. Inspector\Component\8. ParticleSystem\GUI_ParticleSystem.h" />
    <ClInclude Include="Editor\Helper\EditorHelper.h" />
    <ClInclude Include="Imgui\imgui_stdlib.h" />
    <ClInclude Include="Editor\GUI\GUI_ItemList.h" />
    <ClInclude Include="Editor\GUI\1. MenuBar\Style Selector\GUI_StyleSelector.h" />
    <ClInclude Include="Editor\GUI\3. Hierarchy\GUI_Hierarchy.h" />
  </ItemGroup>
  <ItemGroup>
    <ResourceCompile Include="WindowSettings\DX11_2D_GameEngine.rc">
      <Filter>Default</Filter>
    </ResourceCompile>
  </ItemGroup>
  <ItemGroup>
    <Image Include="WindowSettings\Zero_icon.ico">
      <Filter>Default</Filter>
    </Image>
    <Image Include="WindowSettings\window_icon.ico">
      <Filter>Default</Filter>
    </Image>
    <Image Include="WindowSettings\X_icon.ico">
      <Filter>Default</Filter>
    </Image>
  </ItemGroup>
  <ItemGroup>
    <ClCompile Include="DX11_2D_GameEngine.cpp" />
    <ClCompile Include="stdafx.cpp" />
    <ClCompile Include="Imgui\imgui.cpp" />
    <ClCompile Include="Imgui\imgui_demo.cpp" />
    <ClCompile Include="Imgui\imgui_draw.cpp" />
    <ClCompile Include="Imgui\imgui_tables.cpp" />
    <ClCompile Include="Imgui\imgui_widgets.cpp" />
    <ClCompile Include="Imgui\Win32\imgui_impl_win32.cpp" />
    <ClCompile Include="Imgui\DirectX11\imgui_impl_dx11.cpp" />
    <ClCompile Include="Editor\Manager\EditorManager.cpp" />
    <ClCompile Include="Editor\GUI\1. MenuBar\GUI_MenuBar.cpp" />
    <ClCompile Include="Editor\GUI\2. ToolBar\GUI_ToolBar.cpp" />
    <ClCompile Include="Editor\GUI\6. Inspector\GUI_Inspector.cpp" />
    <ClCompile Include="Editor\Helper\IconProvider.cpp" />
    <ClCompile Include="Editor\GUI\6. Inspector\Component\GUI_Component.cpp" />
    <ClCompile Include="Editor\GUI\6. Inspector\Component\1. Transform\GUI_Transform.cpp" />
    <ClCompile Include="Editor\GUI\6. Inspector\Component\2. Camera\GUI_Camera.cpp" />
    <ClCompile Include="Editor\GUI\6. Inspector\Component\3. SpriteRenderer\GUI_SpriteRenderer.cpp" />
    <ClCompile Include="Editor\GUI\6. Inspector\Component\5. Script\GUI_Script.cpp" />
    <ClCompile Include="Editor\GUI\6. Inspector\Component\4. Animator\GUI_Animator.cpp" />
    <ClCompile Include="Editor\GUI\6. Inspector\Component\6. Collider2D\GUI_Collider2D.cpp" />
    <ClCompile Include="Editor\GUI\6. Inspector\Component\7. Light2D\GUI_Light2D.cpp" />
    <ClCompile Include="Editor\GUI\6. Inspector\Component\8. ParticleSystem\GUI_ParticleSystem.cpp" />
    <ClCompile Include="Editor\Helper\EditorHelper.cpp" />
    <ClCompile Include="Imgui\imgui_stdlib.cpp" />
    <ClCompile Include="Editor\GUI\GUI_ItemList.cpp" />
    <ClCompile Include="Editor\GUI\1. MenuBar\Style Selector\GUI_StyleSelector.cpp" />
    <ClCompile Include="Editor\GUI\3. Hierarchy\GUI_Hierarchy.cpp" />
  </ItemGroup>
  <ItemGroup>
    <None Include="WindowSettings\DX11_2D_GameEngine.aps" />
  </ItemGroup>
</Project>