<?xml version="1.0" encoding="utf-8"?>
<Project ToolsVersion="4.0" xmlns="http://schemas.microsoft.com/developer/msbuild/2003">
  <ItemGroup>
    <Filter Include="Default">
      <UniqueIdentifier>{67DA6AB6-F800-4c08-8B7A-83BB121AAD01}</UniqueIdentifier>
      <Extensions>rc;ico;cur;bmp;dlg;rc2;rct;bin;rgs;gif;jpg;jpeg;jpe;resx;tiff;tif;png;wav;mfcribbon-ms</Extensions>
    </Filter>
    <Filter Include="NewFilter1">
      <UniqueIdentifier>{e26b28be-7c8f-4c55-9056-b20bdbe97db9}</UniqueIdentifier>
    </Filter>
    <Filter Include="d">
      <UniqueIdentifier>{4496895d-0cde-4648-ae17-4fa3a991e0cc}</UniqueIdentifier>
    </Filter>
  </ItemGroup>
  <ItemGroup>
    <ClInclude Include="stdafx.h" />
    <ClInclude Include="targetver.h">
      <Filter>Default</Filter>
    </ClInclude>
    <ClInclude Include="resource.h">
      <Filter>Default</Filter>
    </ClInclude>
  </ItemGroup>
  <ItemGroup>
    <ResourceCompile Include="DX11_2D_GameEngine.rc">
      <Filter>Default</Filter>
    </ResourceCompile>
  </ItemGroup>
  <ItemGroup>
    <Image Include="DX11_2D_GameEngine.ico">
      <Filter>Default</Filter>
    </Image>
    <Image Include="..\..\..\..\..\Desktop\DirectX11 2D Portfolio\Asset\Icon\window_icon.ico">
      <Filter>Default</Filter>
    </Image>
    <Image Include="window_icon2.ico">
      <Filter>Default</Filter>
    </Image>
  </ItemGroup>
  <ItemGroup>
    <ClCompile Include="stdafx.cpp" />
    <ClCompile Include="DX11_2D_GameEngine.cpp" />
  </ItemGroup>
</Project>